// !$*UTF8*$!
{
	archiveVersion = 1;
	classes = {
	};
	objectVersion = 55;
	objects = {

/* Begin PBXBuildFile section */
		BB284E1128C7BBAC00018207 /* Constants.swift in Sources */ = {isa = PBXBuildFile; fileRef = BB284E1028C7BBAC00018207 /* Constants.swift */; };
		BB68942328C2256F0062B1B0 /* Project_1_SlotsApp.swift in Sources */ = {isa = PBXBuildFile; fileRef = BB68942228C2256F0062B1B0 /* Project_1_SlotsApp.swift */; };
		BB68942528C2256F0062B1B0 /* ContentView.swift in Sources */ = {isa = PBXBuildFile; fileRef = BB68942428C2256F0062B1B0 /* ContentView.swift */; };
		BB68942728C225710062B1B0 /* Assets.xcassets in Resources */ = {isa = PBXBuildFile; fileRef = BB68942628C225710062B1B0 /* Assets.xcassets */; };
		BB68942A28C225710062B1B0 /* Preview Assets.xcassets in Resources */ = {isa = PBXBuildFile; fileRef = BB68942928C225710062B1B0 /* Preview Assets.xcassets */; };
		BB68943428C225710062B1B0 /* Project_1_SlotsTests.swift in Sources */ = {isa = PBXBuildFile; fileRef = BB68943328C225710062B1B0 /* Project_1_SlotsTests.swift */; };
		BB68943E28C225710062B1B0 /* Project_1_SlotsUITests.swift in Sources */ = {isa = PBXBuildFile; fileRef = BB68943D28C225710062B1B0 /* Project_1_SlotsUITests.swift */; };
		BB68944028C225710062B1B0 /* Project_1_SlotsUITestsLaunchTests.swift in Sources */ = {isa = PBXBuildFile; fileRef = BB68943F28C225710062B1B0 /* Project_1_SlotsUITestsLaunchTests.swift */; };
		BBB843A228C920F100C5A86C /* BottomLayoutView.swift in Sources */ = {isa = PBXBuildFile; fileRef = BBB843A128C920F100C5A86C /* BottomLayoutView.swift */; };
		BBB843A428C9214B00C5A86C /* AnimationModifier.swift in Sources */ = {isa = PBXBuildFile; fileRef = BBB843A328C9214B00C5A86C /* AnimationModifier.swift */; };
		BBB843A628C921D400C5A86C /* FlowerViews.swift in Sources */ = {isa = PBXBuildFile; fileRef = BBB843A528C921D400C5A86C /* FlowerViews.swift */; };
		BBB843A828C9224700C5A86C /* GoButton.swift in Sources */ = {isa = PBXBuildFile; fileRef = BBB843A728C9224700C5A86C /* GoButton.swift */; };
		BBB843AA28C9227600C5A86C /* InstructionView.swift in Sources */ = {isa = PBXBuildFile; fileRef = BBB843A928C9227600C5A86C /* InstructionView.swift */; };
		BBB843AD28C9238C00C5A86C /* HelperFunctions.swift in Sources */ = {isa = PBXBuildFile; fileRef = BBB843AC28C9238C00C5A86C /* HelperFunctions.swift */; };
/* End PBXBuildFile section */

/* Begin PBXContainerItemProxy section */
		BB68943028C225710062B1B0 /* PBXContainerItemProxy */ = {
			isa = PBXContainerItemProxy;
			containerPortal = BB68941728C2256F0062B1B0 /* Project object */;
			proxyType = 1;
			remoteGlobalIDString = BB68941E28C2256F0062B1B0;
			remoteInfo = "Project 1 Slots";
		};
		BB68943A28C225710062B1B0 /* PBXContainerItemProxy */ = {
			isa = PBXContainerItemProxy;
			containerPortal = BB68941728C2256F0062B1B0 /* Project object */;
			proxyType = 1;
			remoteGlobalIDString = BB68941E28C2256F0062B1B0;
			remoteInfo = "Project 1 Slots";
		};
/* End PBXContainerItemProxy section */

/* Begin PBXFileReference section */
		BB284E1028C7BBAC00018207 /* Constants.swift */ = {isa = PBXFileReference; lastKnownFileType = sourcecode.swift; path = Constants.swift; sourceTree = "<group>"; };
		BB68941F28C2256F0062B1B0 /* Project 1 Slots.app */ = {isa = PBXFileReference; explicitFileType = wrapper.application; includeInIndex = 0; path = "Project 1 Slots.app"; sourceTree = BUILT_PRODUCTS_DIR; };
		BB68942228C2256F0062B1B0 /* Project_1_SlotsApp.swift */ = {isa = PBXFileReference; lastKnownFileType = sourcecode.swift; path = Project_1_SlotsApp.swift; sourceTree = "<group>"; };
		BB68942428C2256F0062B1B0 /* ContentView.swift */ = {isa = PBXFileReference; lastKnownFileType = sourcecode.swift; path = ContentView.swift; sourceTree = "<group>"; };
		BB68942628C225710062B1B0 /* Assets.xcassets */ = {isa = PBXFileReference; lastKnownFileType = folder.assetcatalog; path = Assets.xcassets; sourceTree = "<group>"; };
		BB68942928C225710062B1B0 /* Preview Assets.xcassets */ = {isa = PBXFileReference; lastKnownFileType = folder.assetcatalog; path = "Preview Assets.xcassets"; sourceTree = "<group>"; };
		BB68942F28C225710062B1B0 /* Project 1 SlotsTests.xctest */ = {isa = PBXFileReference; explicitFileType = wrapper.cfbundle; includeInIndex = 0; path = "Project 1 SlotsTests.xctest"; sourceTree = BUILT_PRODUCTS_DIR; };
		BB68943328C225710062B1B0 /* Project_1_SlotsTests.swift */ = {isa = PBXFileReference; lastKnownFileType = sourcecode.swift; path = Project_1_SlotsTests.swift; sourceTree = "<group>"; };
		BB68943928C225710062B1B0 /* Project 1 SlotsUITests.xctest */ = {isa = PBXFileReference; explicitFileType = wrapper.cfbundle; includeInIndex = 0; path = "Project 1 SlotsUITests.xctest"; sourceTree = BUILT_PRODUCTS_DIR; };
		BB68943D28C225710062B1B0 /* Project_1_SlotsUITests.swift */ = {isa = PBXFileReference; lastKnownFileType = sourcecode.swift; path = Project_1_SlotsUITests.swift; sourceTree = "<group>"; };
		BB68943F28C225710062B1B0 /* Project_1_SlotsUITestsLaunchTests.swift */ = {isa = PBXFileReference; lastKnownFileType = sourcecode.swift; path = Project_1_SlotsUITestsLaunchTests.swift; sourceTree = "<group>"; };
		BBB843A128C920F100C5A86C /* BottomLayoutView.swift */ = {isa = PBXFileReference; lastKnownFileType = sourcecode.swift; path = BottomLayoutView.swift; sourceTree = "<group>"; };
		BBB843A328C9214B00C5A86C /* AnimationModifier.swift */ = {isa = PBXFileReference; lastKnownFileType = sourcecode.swift; path = AnimationModifier.swift; sourceTree = "<group>"; };
		BBB843A528C921D400C5A86C /* FlowerViews.swift */ = {isa = PBXFileReference; lastKnownFileType = sourcecode.swift; path = FlowerViews.swift; sourceTree = "<group>"; };
		BBB843A728C9224700C5A86C /* GoButton.swift */ = {isa = PBXFileReference; lastKnownFileType = sourcecode.swift; path = GoButton.swift; sourceTree = "<group>"; };
		BBB843A928C9227600C5A86C /* InstructionView.swift */ = {isa = PBXFileReference; lastKnownFileType = sourcecode.swift; path = InstructionView.swift; sourceTree = "<group>"; };
		BBB843AC28C9238C00C5A86C /* HelperFunctions.swift */ = {isa = PBXFileReference; lastKnownFileType = sourcecode.swift; path = HelperFunctions.swift; sourceTree = "<group>"; };
/* End PBXFileReference section */

/* Begin PBXFrameworksBuildPhase section */
		BB68941C28C2256F0062B1B0 /* Frameworks */ = {
			isa = PBXFrameworksBuildPhase;
			buildActionMask = 2147483647;
			files = (
			);
			runOnlyForDeploymentPostprocessing = 0;
		};
		BB68942C28C225710062B1B0 /* Frameworks */ = {
			isa = PBXFrameworksBuildPhase;
			buildActionMask = 2147483647;
			files = (
			);
			runOnlyForDeploymentPostprocessing = 0;
		};
		BB68943628C225710062B1B0 /* Frameworks */ = {
			isa = PBXFrameworksBuildPhase;
			buildActionMask = 2147483647;
			files = (
			);
			runOnlyForDeploymentPostprocessing = 0;
		};
/* End PBXFrameworksBuildPhase section */

/* Begin PBXGroup section */
		BB68941628C2256F0062B1B0 = {
			isa = PBXGroup;
			children = (
				BB68942128C2256F0062B1B0 /* Project 1 Slots */,
				BB68943228C225710062B1B0 /* Project 1 SlotsTests */,
				BB68943C28C225710062B1B0 /* Project 1 SlotsUITests */,
				BB68942028C2256F0062B1B0 /* Products */,
			);
			sourceTree = "<group>";
		};
		BB68942028C2256F0062B1B0 /* Products */ = {
			isa = PBXGroup;
			children = (
				BB68941F28C2256F0062B1B0 /* Project 1 Slots.app */,
				BB68942F28C225710062B1B0 /* Project 1 SlotsTests.xctest */,
				BB68943928C225710062B1B0 /* Project 1 SlotsUITests.xctest */,
			);
			name = Products;
			sourceTree = "<group>";
		};
		BB68942128C2256F0062B1B0 /* Project 1 Slots */ = {
			isa = PBXGroup;
			children = (
				BBB843A328C9214B00C5A86C /* AnimationModifier.swift */,
				BB68942628C225710062B1B0 /* Assets.xcassets */,
				BB284E1028C7BBAC00018207 /* Constants.swift */,
				BBB843A728C9224700C5A86C /* GoButton.swift */,
				BBB843AC28C9238C00C5A86C /* HelperFunctions.swift */,
				BB68942828C225710062B1B0 /* Preview Content */,
				BB68942228C2256F0062B1B0 /* Project_1_SlotsApp.swift */,
				BBB843AB28C9227C00C5A86C /* Views */,
			);
			path = "Project 1 Slots";
			sourceTree = "<group>";
		};
		BB68942828C225710062B1B0 /* Preview Content */ = {
			isa = PBXGroup;
			children = (
				BB68942928C225710062B1B0 /* Preview Assets.xcassets */,
			);
			path = "Preview Content";
			sourceTree = "<group>";
		};
		BB68943228C225710062B1B0 /* Project 1 SlotsTests */ = {
			isa = PBXGroup;
			children = (
				BB68943328C225710062B1B0 /* Project_1_SlotsTests.swift */,
			);
			path = "Project 1 SlotsTests";
			sourceTree = "<group>";
		};
		BB68943C28C225710062B1B0 /* Project 1 SlotsUITests */ = {
			isa = PBXGroup;
			children = (
				BB68943D28C225710062B1B0 /* Project_1_SlotsUITests.swift */,
				BB68943F28C225710062B1B0 /* Project_1_SlotsUITestsLaunchTests.swift */,
			);
			path = "Project 1 SlotsUITests";
			sourceTree = "<group>";
		};
		BBB843AB28C9227C00C5A86C /* Views */ = {
			isa = PBXGroup;
			children = (
				BB68942428C2256F0062B1B0 /* ContentView.swift */,
				BBB843A128C920F100C5A86C /* BottomLayoutView.swift */,
				BBB843A928C9227600C5A86C /* InstructionView.swift */,
				BBB843A528C921D400C5A86C /* FlowerViews.swift */,
			);
			path = Views;
			sourceTree = "<group>";
		};
/* End PBXGroup section */

/* Begin PBXNativeTarget section */
		BB68941E28C2256F0062B1B0 /* Project 1 Slots */ = {
			isa = PBXNativeTarget;
			buildConfigurationList = BB68944328C225710062B1B0 /* Build configuration list for PBXNativeTarget "Project 1 Slots" */;
			buildPhases = (
				BB68941B28C2256F0062B1B0 /* Sources */,
				BB68941C28C2256F0062B1B0 /* Frameworks */,
				BB68941D28C2256F0062B1B0 /* Resources */,
			);
			buildRules = (
			);
			dependencies = (
			);
			name = "Project 1 Slots";
			productName = "Project 1 Slots";
			productReference = BB68941F28C2256F0062B1B0 /* Project 1 Slots.app */;
			productType = "com.apple.product-type.application";
		};
		BB68942E28C225710062B1B0 /* Project 1 SlotsTests */ = {
			isa = PBXNativeTarget;
			buildConfigurationList = BB68944628C225710062B1B0 /* Build configuration list for PBXNativeTarget "Project 1 SlotsTests" */;
			buildPhases = (
				BB68942B28C225710062B1B0 /* Sources */,
				BB68942C28C225710062B1B0 /* Frameworks */,
				BB68942D28C225710062B1B0 /* Resources */,
			);
			buildRules = (
			);
			dependencies = (
				BB68943128C225710062B1B0 /* PBXTargetDependency */,
			);
			name = "Project 1 SlotsTests";
			productName = "Project 1 SlotsTests";
			productReference = BB68942F28C225710062B1B0 /* Project 1 SlotsTests.xctest */;
			productType = "com.apple.product-type.bundle.unit-test";
		};
		BB68943828C225710062B1B0 /* Project 1 SlotsUITests */ = {
			isa = PBXNativeTarget;
			buildConfigurationList = BB68944928C225710062B1B0 /* Build configuration list for PBXNativeTarget "Project 1 SlotsUITests" */;
			buildPhases = (
				BB68943528C225710062B1B0 /* Sources */,
				BB68943628C225710062B1B0 /* Frameworks */,
				BB68943728C225710062B1B0 /* Resources */,
			);
			buildRules = (
			);
			dependencies = (
				BB68943B28C225710062B1B0 /* PBXTargetDependency */,
			);
			name = "Project 1 SlotsUITests";
			productName = "Project 1 SlotsUITests";
			productReference = BB68943928C225710062B1B0 /* Project 1 SlotsUITests.xctest */;
			productType = "com.apple.product-type.bundle.ui-testing";
		};
/* End PBXNativeTarget section */

/* Begin PBXProject section */
		BB68941728C2256F0062B1B0 /* Project object */ = {
			isa = PBXProject;
			attributes = {
				BuildIndependentTargetsInParallel = 1;
				LastSwiftUpdateCheck = 1340;
				LastUpgradeCheck = 1340;
				TargetAttributes = {
					BB68941E28C2256F0062B1B0 = {
						CreatedOnToolsVersion = 13.4.1;
					};
					BB68942E28C225710062B1B0 = {
						CreatedOnToolsVersion = 13.4.1;
						TestTargetID = BB68941E28C2256F0062B1B0;
					};
					BB68943828C225710062B1B0 = {
						CreatedOnToolsVersion = 13.4.1;
						TestTargetID = BB68941E28C2256F0062B1B0;
					};
				};
			};
			buildConfigurationList = BB68941A28C2256F0062B1B0 /* Build configuration list for PBXProject "Project 1 Slots" */;
			compatibilityVersion = "Xcode 13.0";
			developmentRegion = en;
			hasScannedForEncodings = 0;
			knownRegions = (
				en,
				Base,
			);
			mainGroup = BB68941628C2256F0062B1B0;
			productRefGroup = BB68942028C2256F0062B1B0 /* Products */;
			projectDirPath = "";
			projectRoot = "";
			targets = (
				BB68941E28C2256F0062B1B0 /* Project 1 Slots */,
				BB68942E28C225710062B1B0 /* Project 1 SlotsTests */,
				BB68943828C225710062B1B0 /* Project 1 SlotsUITests */,
			);
		};
/* End PBXProject section */

/* Begin PBXResourcesBuildPhase section */
		BB68941D28C2256F0062B1B0 /* Resources */ = {
			isa = PBXResourcesBuildPhase;
			buildActionMask = 2147483647;
			files = (
				BB68942A28C225710062B1B0 /* Preview Assets.xcassets in Resources */,
				BB68942728C225710062B1B0 /* Assets.xcassets in Resources */,
			);
			runOnlyForDeploymentPostprocessing = 0;
		};
		BB68942D28C225710062B1B0 /* Resources */ = {
			isa = PBXResourcesBuildPhase;
			buildActionMask = 2147483647;
			files = (
			);
			runOnlyForDeploymentPostprocessing = 0;
		};
		BB68943728C225710062B1B0 /* Resources */ = {
			isa = PBXResourcesBuildPhase;
			buildActionMask = 2147483647;
			files = (
			);
			runOnlyForDeploymentPostprocessing = 0;
		};
/* End PBXResourcesBuildPhase section */

/* Begin PBXSourcesBuildPhase section */
		BB68941B28C2256F0062B1B0 /* Sources */ = {
			isa = PBXSourcesBuildPhase;
			buildActionMask = 2147483647;
			files = (
				BBB843A828C9224700C5A86C /* GoButton.swift in Sources */,
				BBB843A228C920F100C5A86C /* BottomLayoutView.swift in Sources */,
				BBB843A628C921D400C5A86C /* FlowerViews.swift in Sources */,
				BBB843A428C9214B00C5A86C /* AnimationModifier.swift in Sources */,
				BB68942528C2256F0062B1B0 /* ContentView.swift in Sources */,
				BBB843AA28C9227600C5A86C /* InstructionView.swift in Sources */,
				BB68942328C2256F0062B1B0 /* Project_1_SlotsApp.swift in Sources */,
				BB284E1128C7BBAC00018207 /* Constants.swift in Sources */,
				BBB843AD28C9238C00C5A86C /* HelperFunctions.swift in Sources */,
			);
			runOnlyForDeploymentPostprocessing = 0;
		};
		BB68942B28C225710062B1B0 /* Sources */ = {
			isa = PBXSourcesBuildPhase;
			buildActionMask = 2147483647;
			files = (
				BB68943428C225710062B1B0 /* Project_1_SlotsTests.swift in Sources */,
			);
			runOnlyForDeploymentPostprocessing = 0;
		};
		BB68943528C225710062B1B0 /* Sources */ = {
			isa = PBXSourcesBuildPhase;
			buildActionMask = 2147483647;
			files = (
				BB68944028C225710062B1B0 /* Project_1_SlotsUITestsLaunchTests.swift in Sources */,
				BB68943E28C225710062B1B0 /* Project_1_SlotsUITests.swift in Sources */,
			);
			runOnlyForDeploymentPostprocessing = 0;
		};
/* End PBXSourcesBuildPhase section */

/* Begin PBXTargetDependency section */
		BB68943128C225710062B1B0 /* PBXTargetDependency */ = {
			isa = PBXTargetDependency;
			target = BB68941E28C2256F0062B1B0 /* Project 1 Slots */;
			targetProxy = BB68943028C225710062B1B0 /* PBXContainerItemProxy */;
		};
		BB68943B28C225710062B1B0 /* PBXTargetDependency */ = {
			isa = PBXTargetDependency;
			target = BB68941E28C2256F0062B1B0 /* Project 1 Slots */;
			targetProxy = BB68943A28C225710062B1B0 /* PBXContainerItemProxy */;
		};
/* End PBXTargetDependency section */

/* Begin XCBuildConfiguration section */
		BB68944128C225710062B1B0 /* Debug */ = {
			isa = XCBuildConfiguration;
			buildSettings = {
				ALWAYS_SEARCH_USER_PATHS = NO;
				CLANG_ANALYZER_NONNULL = YES;
				CLANG_ANALYZER_NUMBER_OBJECT_CONVERSION = YES_AGGRESSIVE;
				CLANG_CXX_LANGUAGE_STANDARD = "gnu++17";
				CLANG_ENABLE_MODULES = YES;
				CLANG_ENABLE_OBJC_ARC = YES;
				CLANG_ENABLE_OBJC_WEAK = YES;
				CLANG_WARN_BLOCK_CAPTURE_AUTORELEASING = YES;
				CLANG_WARN_BOOL_CONVERSION = YES;
				CLANG_WARN_COMMA = YES;
				CLANG_WARN_CONSTANT_CONVERSION = YES;
				CLANG_WARN_DEPRECATED_OBJC_IMPLEMENTATIONS = YES;
				CLANG_WARN_DIRECT_OBJC_ISA_USAGE = YES_ERROR;
				CLANG_WARN_DOCUMENTATION_COMMENTS = YES;
				CLANG_WARN_EMPTY_BODY = YES;
				CLANG_WARN_ENUM_CONVERSION = YES;
				CLANG_WARN_INFINITE_RECURSION = YES;
				CLANG_WARN_INT_CONVERSION = YES;
				CLANG_WARN_NON_LITERAL_NULL_CONVERSION = YES;
				CLANG_WARN_OBJC_IMPLICIT_RETAIN_SELF = YES;
				CLANG_WARN_OBJC_LITERAL_CONVERSION = YES;
				CLANG_WARN_OBJC_ROOT_CLASS = YES_ERROR;
				CLANG_WARN_QUOTED_INCLUDE_IN_FRAMEWORK_HEADER = YES;
				CLANG_WARN_RANGE_LOOP_ANALYSIS = YES;
				CLANG_WARN_STRICT_PROTOTYPES = YES;
				CLANG_WARN_SUSPICIOUS_MOVE = YES;
				CLANG_WARN_UNGUARDED_AVAILABILITY = YES_AGGRESSIVE;
				CLANG_WARN_UNREACHABLE_CODE = YES;
				CLANG_WARN__DUPLICATE_METHOD_MATCH = YES;
				COPY_PHASE_STRIP = NO;
				DEBUG_INFORMATION_FORMAT = dwarf;
				ENABLE_STRICT_OBJC_MSGSEND = YES;
				ENABLE_TESTABILITY = YES;
				GCC_C_LANGUAGE_STANDARD = gnu11;
				GCC_DYNAMIC_NO_PIC = NO;
				GCC_NO_COMMON_BLOCKS = YES;
				GCC_OPTIMIZATION_LEVEL = 0;
				GCC_PREPROCESSOR_DEFINITIONS = (
					"DEBUG=1",
					"$(inherited)",
				);
				GCC_WARN_64_TO_32_BIT_CONVERSION = YES;
				GCC_WARN_ABOUT_RETURN_TYPE = YES_ERROR;
				GCC_WARN_UNDECLARED_SELECTOR = YES;
				GCC_WARN_UNINITIALIZED_AUTOS = YES_AGGRESSIVE;
				GCC_WARN_UNUSED_FUNCTION = YES;
				GCC_WARN_UNUSED_VARIABLE = YES;
				IPHONEOS_DEPLOYMENT_TARGET = 15.5;
				MTL_ENABLE_DEBUG_INFO = INCLUDE_SOURCE;
				MTL_FAST_MATH = YES;
				ONLY_ACTIVE_ARCH = YES;
				SDKROOT = iphoneos;
				SWIFT_ACTIVE_COMPILATION_CONDITIONS = DEBUG;
				SWIFT_OPTIMIZATION_LEVEL = "-Onone";
			};
			name = Debug;
		};
		BB68944228C225710062B1B0 /* Release */ = {
			isa = XCBuildConfiguration;
			buildSettings = {
				ALWAYS_SEARCH_USER_PATHS = NO;
				CLANG_ANALYZER_NONNULL = YES;
				CLANG_ANALYZER_NUMBER_OBJECT_CONVERSION = YES_AGGRESSIVE;
				CLANG_CXX_LANGUAGE_STANDARD = "gnu++17";
				CLANG_ENABLE_MODULES = YES;
				CLANG_ENABLE_OBJC_ARC = YES;
				CLANG_ENABLE_OBJC_WEAK = YES;
				CLANG_WARN_BLOCK_CAPTURE_AUTORELEASING = YES;
				CLANG_WARN_BOOL_CONVERSION = YES;
				CLANG_WARN_COMMA = YES;
				CLANG_WARN_CONSTANT_CONVERSION = YES;
				CLANG_WARN_DEPRECATED_OBJC_IMPLEMENTATIONS = YES;
				CLANG_WARN_DIRECT_OBJC_ISA_USAGE = YES_ERROR;
				CLANG_WARN_DOCUMENTATION_COMMENTS = YES;
				CLANG_WARN_EMPTY_BODY = YES;
				CLANG_WARN_ENUM_CONVERSION = YES;
				CLANG_WARN_INFINITE_RECURSION = YES;
				CLANG_WARN_INT_CONVERSION = YES;
				CLANG_WARN_NON_LITERAL_NULL_CONVERSION = YES;
				CLANG_WARN_OBJC_IMPLICIT_RETAIN_SELF = YES;
				CLANG_WARN_OBJC_LITERAL_CONVERSION = YES;
				CLANG_WARN_OBJC_ROOT_CLASS = YES_ERROR;
				CLANG_WARN_QUOTED_INCLUDE_IN_FRAMEWORK_HEADER = YES;
				CLANG_WARN_RANGE_LOOP_ANALYSIS = YES;
				CLANG_WARN_STRICT_PROTOTYPES = YES;
				CLANG_WARN_SUSPICIOUS_MOVE = YES;
				CLANG_WARN_UNGUARDED_AVAILABILITY = YES_AGGRESSIVE;
				CLANG_WARN_UNREACHABLE_CODE = YES;
				CLANG_WARN__DUPLICATE_METHOD_MATCH = YES;
				COPY_PHASE_STRIP = NO;
				DEBUG_INFORMATION_FORMAT = "dwarf-with-dsym";
				ENABLE_NS_ASSERTIONS = NO;
				ENABLE_STRICT_OBJC_MSGSEND = YES;
				GCC_C_LANGUAGE_STANDARD = gnu11;
				GCC_NO_COMMON_BLOCKS = YES;
				GCC_WARN_64_TO_32_BIT_CONVERSION = YES;
				GCC_WARN_ABOUT_RETURN_TYPE = YES_ERROR;
				GCC_WARN_UNDECLARED_SELECTOR = YES;
				GCC_WARN_UNINITIALIZED_AUTOS = YES_AGGRESSIVE;
				GCC_WARN_UNUSED_FUNCTION = YES;
				GCC_WARN_UNUSED_VARIABLE = YES;
				IPHONEOS_DEPLOYMENT_TARGET = 15.5;
				MTL_ENABLE_DEBUG_INFO = NO;
				MTL_FAST_MATH = YES;
				SDKROOT = iphoneos;
				SWIFT_COMPILATION_MODE = wholemodule;
				SWIFT_OPTIMIZATION_LEVEL = "-O";
				VALIDATE_PRODUCT = YES;
			};
			name = Release;
		};
		BB68944428C225710062B1B0 /* Debug */ = {
			isa = XCBuildConfiguration;
			buildSettings = {
				ASSETCATALOG_COMPILER_APPICON_NAME = AppIcon;
				ASSETCATALOG_COMPILER_GLOBAL_ACCENT_COLOR_NAME = AccentColor;
				CODE_SIGN_STYLE = Automatic;
				CURRENT_PROJECT_VERSION = 1;
				DEVELOPMENT_ASSET_PATHS = "\"Project 1 Slots/Preview Content\"";
				ENABLE_PREVIEWS = YES;
				GENERATE_INFOPLIST_FILE = YES;
				INFOPLIST_KEY_UIApplicationSceneManifest_Generation = YES;
				INFOPLIST_KEY_UIApplicationSupportsIndirectInputEvents = YES;
				INFOPLIST_KEY_UILaunchScreen_Generation = YES;
				INFOPLIST_KEY_UISupportedInterfaceOrientations_iPad = "UIInterfaceOrientationPortrait UIInterfaceOrientationPortraitUpsideDown UIInterfaceOrientationLandscapeLeft UIInterfaceOrientationLandscapeRight";
				INFOPLIST_KEY_UISupportedInterfaceOrientations_iPhone = "UIInterfaceOrientationPortrait UIInterfaceOrientationLandscapeLeft UIInterfaceOrientationLandscapeRight";
				LD_RUNPATH_SEARCH_PATHS = (
					"$(inherited)",
					"@executable_path/Frameworks",
				);
				MARKETING_VERSION = 1.0;
				PRODUCT_BUNDLE_IDENTIFIER = "com.example.Project-1-Slots";
				PRODUCT_NAME = "$(TARGET_NAME)";
				SWIFT_EMIT_LOC_STRINGS = YES;
				SWIFT_VERSION = 5.0;
				TARGETED_DEVICE_FAMILY = "1,2";
			};
			name = Debug;
		};
		BB68944528C225710062B1B0 /* Release */ = {
			isa = XCBuildConfiguration;
			buildSettings = {
				ASSETCATALOG_COMPILER_APPICON_NAME = AppIcon;
				ASSETCATALOG_COMPILER_GLOBAL_ACCENT_COLOR_NAME = AccentColor;
				CODE_SIGN_STYLE = Automatic;
				CURRENT_PROJECT_VERSION = 1;
				DEVELOPMENT_ASSET_PATHS = "\"Project 1 Slots/Preview Content\"";
				ENABLE_PREVIEWS = YES;
				GENERATE_INFOPLIST_FILE = YES;
				INFOPLIST_KEY_UIApplicationSceneManifest_Generation = YES;
				INFOPLIST_KEY_UIApplicationSupportsIndirectInputEvents = YES;
				INFOPLIST_KEY_UILaunchScreen_Generation = YES;
				INFOPLIST_KEY_UISupportedInterfaceOrientations_iPad = "UIInterfaceOrientationPortrait UIInterfaceOrientationPortraitUpsideDown UIInterfaceOrientationLandscapeLeft UIInterfaceOrientationLandscapeRight";
				INFOPLIST_KEY_UISupportedInterfaceOrientations_iPhone = "UIInterfaceOrientationPortrait UIInterfaceOrientationLandscapeLeft UIInterfaceOrientationLandscapeRight";
				LD_RUNPATH_SEARCH_PATHS = (
					"$(inherited)",
					"@executable_path/Frameworks",
				);
				MARKETING_VERSION = 1.0;
				PRODUCT_BUNDLE_IDENTIFIER = "com.example.Project-1-Slots";
				PRODUCT_NAME = "$(TARGET_NAME)";
				SWIFT_EMIT_LOC_STRINGS = YES;
				SWIFT_VERSION = 5.0;
				TARGETED_DEVICE_FAMILY = "1,2";
			};
			name = Release;
		};
		BB68944728C225710062B1B0 /* Debug */ = {
			isa = XCBuildConfiguration;
			buildSettings = {
				ALWAYS_EMBED_SWIFT_STANDARD_LIBRARIES = YES;
				BUNDLE_LOADER = "$(TEST_HOST)";
				CODE_SIGN_STYLE = Automatic;
				CURRENT_PROJECT_VERSION = 1;
				GENERATE_INFOPLIST_FILE = YES;
				IPHONEOS_DEPLOYMENT_TARGET = 15.5;
				MARKETING_VERSION = 1.0;
				PRODUCT_BUNDLE_IDENTIFIER = "com.example.Project-1-SlotsTests";
				PRODUCT_NAME = "$(TARGET_NAME)";
				SWIFT_EMIT_LOC_STRINGS = NO;
				SWIFT_VERSION = 5.0;
				TARGETED_DEVICE_FAMILY = "1,2";
				TEST_HOST = "$(BUILT_PRODUCTS_DIR)/Project 1 Slots.app/Project 1 Slots";
			};
			name = Debug;
		};
		BB68944828C225710062B1B0 /* Release */ = {
			isa = XCBuildConfiguration;
			buildSettings = {
				ALWAYS_EMBED_SWIFT_STANDARD_LIBRARIES = YES;
				BUNDLE_LOADER = "$(TEST_HOST)";
				CODE_SIGN_STYLE = Automatic;
				CURRENT_PROJECT_VERSION = 1;
				GENERATE_INFOPLIST_FILE = YES;
				IPHONEOS_DEPLOYMENT_TARGET = 15.5;
				MARKETING_VERSION = 1.0;
				PRODUCT_BUNDLE_IDENTIFIER = "com.example.Project-1-SlotsTests";
				PRODUCT_NAME = "$(TARGET_NAME)";
				SWIFT_EMIT_LOC_STRINGS = NO;
				SWIFT_VERSION = 5.0;
				TARGETED_DEVICE_FAMILY = "1,2";
				TEST_HOST = "$(BUILT_PRODUCTS_DIR)/Project 1 Slots.app/Project 1 Slots";
			};
			name = Release;
		};
		BB68944A28C225710062B1B0 /* Debug */ = {
			isa = XCBuildConfiguration;
			buildSettings = {
				ALWAYS_EMBED_SWIFT_STANDARD_LIBRARIES = YES;
				CODE_SIGN_STYLE = Automatic;
				CURRENT_PROJECT_VERSION = 1;
				GENERATE_INFOPLIST_FILE = YES;
				MARKETING_VERSION = 1.0;
				PRODUCT_BUNDLE_IDENTIFIER = "com.example.Project-1-SlotsUITests";
				PRODUCT_NAME = "$(TARGET_NAME)";
				SWIFT_EMIT_LOC_STRINGS = NO;
				SWIFT_VERSION = 5.0;
				TARGETED_DEVICE_FAMILY = "1,2";
				TEST_TARGET_NAME = "Project 1 Slots";
			};
			name = Debug;
		};
		BB68944B28C225710062B1B0 /* Release */ = {
			isa = XCBuildConfiguration;
			buildSettings = {
				ALWAYS_EMBED_SWIFT_STANDARD_LIBRARIES = YES;
				CODE_SIGN_STYLE = Automatic;
				CURRENT_PROJECT_VERSION = 1;
				GENERATE_INFOPLIST_FILE = YES;
				MARKETING_VERSION = 1.0;
				PRODUCT_BUNDLE_IDENTIFIER = "com.example.Project-1-SlotsUITests";
				PRODUCT_NAME = "$(TARGET_NAME)";
				SWIFT_EMIT_LOC_STRINGS = NO;
				SWIFT_VERSION = 5.0;
				TARGETED_DEVICE_FAMILY = "1,2";
				TEST_TARGET_NAME = "Project 1 Slots";
			};
			name = Release;
		};
/* End XCBuildConfiguration section */

/* Begin XCConfigurationList section */
		BB68941A28C2256F0062B1B0 /* Build configuration list for PBXProject "Project 1 Slots" */ = {
			isa = XCConfigurationList;
			buildConfigurations = (
				BB68944128C225710062B1B0 /* Debug */,
				BB68944228C225710062B1B0 /* Release */,
			);
			defaultConfigurationIsVisible = 0;
			defaultConfigurationName = Release;
		};
		BB68944328C225710062B1B0 /* Build configuration list for PBXNativeTarget "Project 1 Slots" */ = {
			isa = XCConfigurationList;
			buildConfigurations = (
				BB68944428C225710062B1B0 /* Debug */,
				BB68944528C225710062B1B0 /* Release */,
			);
			defaultConfigurationIsVisible = 0;
			defaultConfigurationName = Release;
		};
		BB68944628C225710062B1B0 /* Build configuration list for PBXNativeTarget "Project 1 SlotsTests" */ = {
			isa = XCConfigurationList;
			buildConfigurations = (
				BB68944728C225710062B1B0 /* Debug */,
				BB68944828C225710062B1B0 /* Release */,
			);
			defaultConfigurationIsVisible = 0;
			defaultConfigurationName = Release;
		};
		BB68944928C225710062B1B0 /* Build configuration list for PBXNativeTarget "Project 1 SlotsUITests" */ = {
			isa = XCConfigurationList;
			buildConfigurations = (
				BB68944A28C225710062B1B0 /* Debug */,
				BB68944B28C225710062B1B0 /* Release */,
			);
			defaultConfigurationIsVisible = 0;
			defaultConfigurationName = Release;
		};
/* End XCConfigurationList section */
	};
	rootObject = BB68941728C2256F0062B1B0 /* Project object */;
}
